// !$*UTF8*$!
{
	archiveVersion = 1;
	classes = {
	};
	objectVersion = 46;
	objects = {

/* Begin PBXBuildFile section */
		819CEDCF1BD231F700B0EF87 /* main.m in Sources */ = {isa = PBXBuildFile; fileRef = 819CEDCE1BD231F700B0EF87 /* main.m */; };
		819CEDD21BD231F700B0EF87 /* AppDelegate.m in Sources */ = {isa = PBXBuildFile; fileRef = 819CEDD11BD231F700B0EF87 /* AppDelegate.m */; };
		819CEDD51BD231F700B0EF87 /* LandingViewController.m in Sources */ = {isa = PBXBuildFile; fileRef = 819CEDD41BD231F700B0EF87 /* LandingViewController.m */; };
		819CEDD81BD231F700B0EF87 /* Main.storyboard in Resources */ = {isa = PBXBuildFile; fileRef = 819CEDD61BD231F700B0EF87 /* Main.storyboard */; };
		819CEDDA1BD231F700B0EF87 /* Assets.xcassets in Resources */ = {isa = PBXBuildFile; fileRef = 819CEDD91BD231F700B0EF87 /* Assets.xcassets */; };
		819CEDDD1BD231F700B0EF87 /* LaunchScreen.storyboard in Resources */ = {isa = PBXBuildFile; fileRef = 819CEDDB1BD231F700B0EF87 /* LaunchScreen.storyboard */; };
		819CEDE61BD2388700B0EF87 /* logo.png in Resources */ = {isa = PBXBuildFile; fileRef = 819CEDE51BD2388700B0EF87 /* logo.png */; settings = {ASSET_TAGS = (); }; };
		819CEDE81BD240D400B0EF87 /* camera.png in Resources */ = {isa = PBXBuildFile; fileRef = 819CEDE71BD240D400B0EF87 /* camera.png */; settings = {ASSET_TAGS = (); }; };
		819CEDF21BD24A3900B0EF87 /* AddFood.m in Sources */ = {isa = PBXBuildFile; fileRef = 819CEDEF1BD24A3900B0EF87 /* AddFood.m */; settings = {ASSET_TAGS = (); }; };
		819CEDF31BD24A3900B0EF87 /* Inventory.m in Sources */ = {isa = PBXBuildFile; fileRef = 819CEDF01BD24A3900B0EF87 /* Inventory.m */; settings = {ASSET_TAGS = (); }; };
		819CEDF41BD24A3900B0EF87 /* Sales.m in Sources */ = {isa = PBXBuildFile; fileRef = 819CEDF11BD24A3900B0EF87 /* Sales.m */; settings = {ASSET_TAGS = (); }; };
		819CEDFA1BD24A4300B0EF87 /* VendorLoginVC.m in Sources */ = {isa = PBXBuildFile; fileRef = 819CEDF51BD24A4300B0EF87 /* VendorLoginVC.m */; settings = {ASSET_TAGS = (); }; };
		819CEDFB1BD24A4300B0EF87 /* VendorOps.m in Sources */ = {isa = PBXBuildFile; fileRef = 819CEDF61BD24A4300B0EF87 /* VendorOps.m */; settings = {ASSET_TAGS = (); }; };
		819CEE001BD24CCB00B0EF87 /* Camera.m in Sources */ = {isa = PBXBuildFile; fileRef = 819CEDFE1BD24CCB00B0EF87 /* Camera.m */; settings = {ASSET_TAGS = (); }; };
		819CEE031BD2550800B0EF87 /* ServerAPI.m in Sources */ = {isa = PBXBuildFile; fileRef = 819CEE011BD2550800B0EF87 /* ServerAPI.m */; settings = {ASSET_TAGS = (); }; };
		819CEE061BD2570200B0EF87 /* Common.m in Sources */ = {isa = PBXBuildFile; fileRef = 819CEE041BD2570200B0EF87 /* Common.m */; settings = {ASSET_TAGS = (); }; };
/* End PBXBuildFile section */

/* Begin PBXFileReference section */
		819CEDCA1BD231F700B0EF87 /* NoWaste.app */ = {isa = PBXFileReference; explicitFileType = wrapper.application; includeInIndex = 0; path = NoWaste.app; sourceTree = BUILT_PRODUCTS_DIR; };
		819CEDCE1BD231F700B0EF87 /* main.m */ = {isa = PBXFileReference; lastKnownFileType = sourcecode.c.objc; path = main.m; sourceTree = "<group>"; };
		819CEDD01BD231F700B0EF87 /* AppDelegate.h */ = {isa = PBXFileReference; lastKnownFileType = sourcecode.c.h; path = AppDelegate.h; sourceTree = "<group>"; };
		819CEDD11BD231F700B0EF87 /* AppDelegate.m */ = {isa = PBXFileReference; lastKnownFileType = sourcecode.c.objc; path = AppDelegate.m; sourceTree = "<group>"; };
		819CEDD31BD231F700B0EF87 /* LandingViewController.h */ = {isa = PBXFileReference; lastKnownFileType = sourcecode.c.h; path = LandingViewController.h; sourceTree = "<group>"; };
		819CEDD41BD231F700B0EF87 /* LandingViewController.m */ = {isa = PBXFileReference; lastKnownFileType = sourcecode.c.objc; path = LandingViewController.m; sourceTree = "<group>"; };
		819CEDD71BD231F700B0EF87 /* Base */ = {isa = PBXFileReference; lastKnownFileType = file.storyboard; name = Base; path = Base.lproj/Main.storyboard; sourceTree = "<group>"; };
		819CEDD91BD231F700B0EF87 /* Assets.xcassets */ = {isa = PBXFileReference; lastKnownFileType = folder.assetcatalog; path = Assets.xcassets; sourceTree = "<group>"; };
		819CEDDC1BD231F700B0EF87 /* Base */ = {isa = PBXFileReference; lastKnownFileType = file.storyboard; name = Base; path = Base.lproj/LaunchScreen.storyboard; sourceTree = "<group>"; };
		819CEDDE1BD231F700B0EF87 /* Info.plist */ = {isa = PBXFileReference; lastKnownFileType = text.plist.xml; path = Info.plist; sourceTree = "<group>"; };
		819CEDE51BD2388700B0EF87 /* logo.png */ = {isa = PBXFileReference; lastKnownFileType = image.png; name = logo.png; path = img/logo.png; sourceTree = "<group>"; };
		819CEDE71BD240D400B0EF87 /* camera.png */ = {isa = PBXFileReference; lastKnownFileType = image.png; name = camera.png; path = img/camera.png; sourceTree = "<group>"; };
		819CEDEF1BD24A3900B0EF87 /* AddFood.m */ = {isa = PBXFileReference; fileEncoding = 4; lastKnownFileType = sourcecode.c.objc; path = AddFood.m; sourceTree = "<group>"; };
		819CEDF01BD24A3900B0EF87 /* Inventory.m */ = {isa = PBXFileReference; fileEncoding = 4; lastKnownFileType = sourcecode.c.objc; path = Inventory.m; sourceTree = "<group>"; };
		819CEDF11BD24A3900B0EF87 /* Sales.m */ = {isa = PBXFileReference; fileEncoding = 4; lastKnownFileType = sourcecode.c.objc; path = Sales.m; sourceTree = "<group>"; };
		819CEDF51BD24A4300B0EF87 /* VendorLoginVC.m */ = {isa = PBXFileReference; fileEncoding = 4; lastKnownFileType = sourcecode.c.objc; path = VendorLoginVC.m; sourceTree = "<group>"; };
		819CEDF61BD24A4300B0EF87 /* VendorOps.m */ = {isa = PBXFileReference; fileEncoding = 4; lastKnownFileType = sourcecode.c.objc; path = VendorOps.m; sourceTree = "<group>"; };
		819CEDF71BD24A4300B0EF87 /* Sales.h */ = {isa = PBXFileReference; fileEncoding = 4; lastKnownFileType = sourcecode.c.h; path = Sales.h; sourceTree = "<group>"; };
		819CEDF81BD24A4300B0EF87 /* VendorLoginVC.h */ = {isa = PBXFileReference; fileEncoding = 4; lastKnownFileType = sourcecode.c.h; path = VendorLoginVC.h; sourceTree = "<group>"; };
		819CEDF91BD24A4300B0EF87 /* VendorOps.h */ = {isa = PBXFileReference; fileEncoding = 4; lastKnownFileType = sourcecode.c.h; path = VendorOps.h; sourceTree = "<group>"; };
		819CEDFC1BD24A9100B0EF87 /* AddFood.h */ = {isa = PBXFileReference; fileEncoding = 4; lastKnownFileType = sourcecode.c.h; path = AddFood.h; sourceTree = "<group>"; };
		819CEDFD1BD24A9100B0EF87 /* Inventory.h */ = {isa = PBXFileReference; fileEncoding = 4; lastKnownFileType = sourcecode.c.h; path = Inventory.h; sourceTree = "<group>"; };
		819CEDFE1BD24CCB00B0EF87 /* Camera.m */ = {isa = PBXFileReference; fileEncoding = 4; lastKnownFileType = sourcecode.c.objc; path = Camera.m; sourceTree = "<group>"; };
		819CEDFF1BD24CCB00B0EF87 /* Camera.h */ = {isa = PBXFileReference; fileEncoding = 4; lastKnownFileType = sourcecode.c.h; path = Camera.h; sourceTree = "<group>"; };
		819CEE011BD2550800B0EF87 /* ServerAPI.m */ = {isa = PBXFileReference; fileEncoding = 4; lastKnownFileType = sourcecode.c.objc; path = ServerAPI.m; sourceTree = "<group>"; };
		819CEE021BD2550800B0EF87 /* ServerAPI.h */ = {isa = PBXFileReference; fileEncoding = 4; lastKnownFileType = sourcecode.c.h; path = ServerAPI.h; sourceTree = "<group>"; };
		819CEE041BD2570200B0EF87 /* Common.m */ = {isa = PBXFileReference; fileEncoding = 4; lastKnownFileType = sourcecode.c.objc; path = Common.m; sourceTree = "<group>"; };
		819CEE051BD2570200B0EF87 /* Common.h */ = {isa = PBXFileReference; fileEncoding = 4; lastKnownFileType = sourcecode.c.h; path = Common.h; sourceTree = "<group>"; };
/* End PBXFileReference section */

/* Begin PBXFrameworksBuildPhase section */
		819CEDC71BD231F700B0EF87 /* Frameworks */ = {
			isa = PBXFrameworksBuildPhase;
			buildActionMask = 2147483647;
			files = (
			);
			runOnlyForDeploymentPostprocessing = 0;
		};
/* End PBXFrameworksBuildPhase section */

/* Begin PBXGroup section */
		819CEDC11BD231F700B0EF87 = {
			isa = PBXGroup;
			children = (
				819CEDCC1BD231F700B0EF87 /* NoWaste */,
				819CEDCB1BD231F700B0EF87 /* Products */,
			);
			sourceTree = "<group>";
		};
		819CEDCB1BD231F700B0EF87 /* Products */ = {
			isa = PBXGroup;
			children = (
				819CEDCA1BD231F700B0EF87 /* NoWaste.app */,
			);
			name = Products;
			sourceTree = "<group>";
		};
		819CEDCC1BD231F700B0EF87 /* NoWaste */ = {
			isa = PBXGroup;
			children = (
				819CEE021BD2550800B0EF87 /* ServerAPI.h */,
				819CEE011BD2550800B0EF87 /* ServerAPI.m */,
				819CEDFF1BD24CCB00B0EF87 /* Camera.h */,
				819CEDFE1BD24CCB00B0EF87 /* Camera.m */,
				819CEDF81BD24A4300B0EF87 /* VendorLoginVC.h */,
				819CEDF51BD24A4300B0EF87 /* VendorLoginVC.m */,
				819CEDF91BD24A4300B0EF87 /* VendorOps.h */,
				819CEDF61BD24A4300B0EF87 /* VendorOps.m */,
				819CEDFC1BD24A9100B0EF87 /* AddFood.h */,
				819CEDEF1BD24A3900B0EF87 /* AddFood.m */,
				819CEDFD1BD24A9100B0EF87 /* Inventory.h */,
				819CEDF01BD24A3900B0EF87 /* Inventory.m */,
				819CEE051BD2570200B0EF87 /* Common.h */,
				819CEE041BD2570200B0EF87 /* Common.m */,
				819CEDF71BD24A4300B0EF87 /* Sales.h */,
				819CEDF11BD24A3900B0EF87 /* Sales.m */,
				819CEDE41BD2386300B0EF87 /* Img */,
				819CEDD01BD231F700B0EF87 /* AppDelegate.h */,
				819CEDD11BD231F700B0EF87 /* AppDelegate.m */,
				819CEDD31BD231F700B0EF87 /* LandingViewController.h */,
				819CEDD41BD231F700B0EF87 /* LandingViewController.m */,
				819CEDD61BD231F700B0EF87 /* Main.storyboard */,
				819CEDD91BD231F700B0EF87 /* Assets.xcassets */,
				819CEDDB1BD231F700B0EF87 /* LaunchScreen.storyboard */,
				819CEDDE1BD231F700B0EF87 /* Info.plist */,
				819CEDCD1BD231F700B0EF87 /* Supporting Files */,
			);
			path = NoWaste;
			sourceTree = "<group>";
		};
		819CEDCD1BD231F700B0EF87 /* Supporting Files */ = {
			isa = PBXGroup;
			children = (
				819CEDCE1BD231F700B0EF87 /* main.m */,
			);
			name = "Supporting Files";
			sourceTree = "<group>";
		};
		819CEDE41BD2386300B0EF87 /* Img */ = {
			isa = PBXGroup;
			children = (
				819CEDE71BD240D400B0EF87 /* camera.png */,
				819CEDE51BD2388700B0EF87 /* logo.png */,
			);
			name = Img;
			sourceTree = "<group>";
		};
/* End PBXGroup section */

/* Begin PBXNativeTarget section */
		819CEDC91BD231F700B0EF87 /* NoWaste */ = {
			isa = PBXNativeTarget;
			buildConfigurationList = 819CEDE11BD231F700B0EF87 /* Build configuration list for PBXNativeTarget "NoWaste" */;
			buildPhases = (
				819CEDC61BD231F700B0EF87 /* Sources */,
				819CEDC71BD231F700B0EF87 /* Frameworks */,
				819CEDC81BD231F700B0EF87 /* Resources */,
			);
			buildRules = (
			);
			dependencies = (
			);
			name = NoWaste;
			productName = NoWaste;
			productReference = 819CEDCA1BD231F700B0EF87 /* NoWaste.app */;
			productType = "com.apple.product-type.application";
		};
/* End PBXNativeTarget section */

/* Begin PBXProject section */
		819CEDC21BD231F700B0EF87 /* Project object */ = {
			isa = PBXProject;
			attributes = {
				LastUpgradeCheck = 0700;
				ORGANIZATIONNAME = com.reynoldsJay;
				TargetAttributes = {
					819CEDC91BD231F700B0EF87 = {
						CreatedOnToolsVersion = 7.0.1;
					};
				};
			};
			buildConfigurationList = 819CEDC51BD231F700B0EF87 /* Build configuration list for PBXProject "NoWaste" */;
			compatibilityVersion = "Xcode 3.2";
			developmentRegion = English;
			hasScannedForEncodings = 0;
			knownRegions = (
				en,
				Base,
			);
			mainGroup = 819CEDC11BD231F700B0EF87;
			productRefGroup = 819CEDCB1BD231F700B0EF87 /* Products */;
			projectDirPath = "";
			projectRoot = "";
			targets = (
				819CEDC91BD231F700B0EF87 /* NoWaste */,
			);
		};
/* End PBXProject section */

/* Begin PBXResourcesBuildPhase section */
		819CEDC81BD231F700B0EF87 /* Resources */ = {
			isa = PBXResourcesBuildPhase;
			buildActionMask = 2147483647;
			files = (
				819CEDE61BD2388700B0EF87 /* logo.png in Resources */,
				819CEDDD1BD231F700B0EF87 /* LaunchScreen.storyboard in Resources */,
				819CEDDA1BD231F700B0EF87 /* Assets.xcassets in Resources */,
				819CEDD81BD231F700B0EF87 /* Main.storyboard in Resources */,
				819CEDE81BD240D400B0EF87 /* camera.png in Resources */,
			);
			runOnlyForDeploymentPostprocessing = 0;
		};
/* End PBXResourcesBuildPhase section */

/* Begin PBXSourcesBuildPhase section */
		819CEDC61BD231F700B0EF87 /* Sources */ = {
			isa = PBXSourcesBuildPhase;
			buildActionMask = 2147483647;
			files = (
				819CEE061BD2570200B0EF87 /* Common.m in Sources */,
				819CEDF41BD24A3900B0EF87 /* Sales.m in Sources */,
				819CEDD51BD231F700B0EF87 /* LandingViewController.m in Sources */,
				819CEDF21BD24A3900B0EF87 /* AddFood.m in Sources */,
				819CEDFA1BD24A4300B0EF87 /* VendorLoginVC.m in Sources */,
				819CEE001BD24CCB00B0EF87 /* Camera.m in Sources */,
				819CEE031BD2550800B0EF87 /* ServerAPI.m in Sources */,
				819CEDD21BD231F700B0EF87 /* AppDelegate.m in Sources */,
				819CEDCF1BD231F700B0EF87 /* main.m in Sources */,
				819CEDFB1BD24A4300B0EF87 /* VendorOps.m in Sources */,
				819CEDF31BD24A3900B0EF87 /* Inventory.m in Sources */,
			);
			runOnlyForDeploymentPostprocessing = 0;
		};
/* End PBXSourcesBuildPhase section */

/* Begin PBXVariantGroup section */
		819CEDD61BD231F700B0EF87 /* Main.storyboard */ = {
			isa = PBXVariantGroup;
			children = (
				819CEDD71BD231F700B0EF87 /* Base */,
			);
			name = Main.storyboard;
			sourceTree = "<group>";
		};
		819CEDDB1BD231F700B0EF87 /* LaunchScreen.storyboard */ = {
			isa = PBXVariantGroup;
			children = (
				819CEDDC1BD231F700B0EF87 /* Base */,
			);
			name = LaunchScreen.storyboard;
			sourceTree = "<group>";
		};
/* End PBXVariantGroup section */

/* Begin XCBuildConfiguration section */
		819CEDDF1BD231F700B0EF87 /* Debug */ = {
			isa = XCBuildConfiguration;
			buildSettings = {
				ALWAYS_SEARCH_USER_PATHS = NO;
				CLANG_CXX_LANGUAGE_STANDARD = "gnu++0x";
				CLANG_CXX_LIBRARY = "libc++";
				CLANG_ENABLE_MODULES = YES;
				CLANG_ENABLE_OBJC_ARC = YES;
				CLANG_WARN_BOOL_CONVERSION = YES;
				CLANG_WARN_CONSTANT_CONVERSION = YES;
				CLANG_WARN_DIRECT_OBJC_ISA_USAGE = YES_ERROR;
				CLANG_WARN_EMPTY_BODY = YES;
				CLANG_WARN_ENUM_CONVERSION = YES;
				CLANG_WARN_INT_CONVERSION = YES;
				CLANG_WARN_OBJC_ROOT_CLASS = YES_ERROR;
				CLANG_WARN_UNREACHABLE_CODE = YES;
				CLANG_WARN__DUPLICATE_METHOD_MATCH = YES;
				"CODE_SIGN_IDENTITY[sdk=iphoneos*]" = "iPhone Developer";
				COPY_PHASE_STRIP = NO;
				DEBUG_INFORMATION_FORMAT = dwarf;
				ENABLE_STRICT_OBJC_MSGSEND = YES;
				ENABLE_TESTABILITY = YES;
				GCC_C_LANGUAGE_STANDARD = gnu99;
				GCC_DYNAMIC_NO_PIC = NO;
				GCC_NO_COMMON_BLOCKS = YES;
				GCC_OPTIMIZATION_LEVEL = 0;
				GCC_PREPROCESSOR_DEFINITIONS = (
					"DEBUG=1",
					"$(inherited)",
				);
				GCC_WARN_64_TO_32_BIT_CONVERSION = YES;
				GCC_WARN_ABOUT_RETURN_TYPE = YES_ERROR;
				GCC_WARN_UNDECLARED_SELECTOR = YES;
				GCC_WARN_UNINITIALIZED_AUTOS = YES_AGGRESSIVE;
				GCC_WARN_UNUSED_FUNCTION = YES;
				GCC_WARN_UNUSED_VARIABLE = YES;
				IPHONEOS_DEPLOYMENT_TARGET = 9.0;
				MTL_ENABLE_DEBUG_INFO = YES;
				ONLY_ACTIVE_ARCH = YES;
				SDKROOT = iphoneos;
			};
			name = Debug;
		};
		819CEDE01BD231F700B0EF87 /* Release */ = {
			isa = XCBuildConfiguration;
			buildSettings = {
				ALWAYS_SEARCH_USER_PATHS = NO;
				CLANG_CXX_LANGUAGE_STANDARD = "gnu++0x";
				CLANG_CXX_LIBRARY = "libc++";
				CLANG_ENABLE_MODULES = YES;
				CLANG_ENABLE_OBJC_ARC = YES;
				CLANG_WARN_BOOL_CONVERSION = YES;
				CLANG_WARN_CONSTANT_CONVERSION = YES;
				CLANG_WARN_DIRECT_OBJC_ISA_USAGE = YES_ERROR;
				CLANG_WARN_EMPTY_BODY = YES;
				CLANG_WARN_ENUM_CONVERSION = YES;
				CLANG_WARN_INT_CONVERSION = YES;
				CLANG_WARN_OBJC_ROOT_CLASS = YES_ERROR;
				CLANG_WARN_UNREACHABLE_CODE = YES;
				CLANG_WARN__DUPLICATE_METHOD_MATCH = YES;
				"CODE_SIGN_IDENTITY[sdk=iphoneos*]" = "iPhone Developer";
				COPY_PHASE_STRIP = NO;
				DEBUG_INFORMATION_FORMAT = "dwarf-with-dsym";
				ENABLE_NS_ASSERTIONS = NO;
				ENABLE_STRICT_OBJC_MSGSEND = YES;
				GCC_C_LANGUAGE_STANDARD = gnu99;
				GCC_NO_COMMON_BLOCKS = YES;
				GCC_WARN_64_TO_32_BIT_CONVERSION = YES;
				GCC_WARN_ABOUT_RETURN_TYPE = YES_ERROR;
				GCC_WARN_UNDECLARED_SELECTOR = YES;
				GCC_WARN_UNINITIALIZED_AUTOS = YES_AGGRESSIVE;
				GCC_WARN_UNUSED_FUNCTION = YES;
				GCC_WARN_UNUSED_VARIABLE = YES;
				IPHONEOS_DEPLOYMENT_TARGET = 9.0;
				MTL_ENABLE_DEBUG_INFO = NO;
				SDKROOT = iphoneos;
				VALIDATE_PRODUCT = YES;
			};
			name = Release;
		};
		819CEDE21BD231F700B0EF87 /* Debug */ = {
			isa = XCBuildConfiguration;
			buildSettings = {
				ASSETCATALOG_COMPILER_APPICON_NAME = AppIcon;
				INFOPLIST_FILE = NoWaste/Info.plist;
				LD_RUNPATH_SEARCH_PATHS = "$(inherited) @executable_path/Frameworks";
				PRODUCT_BUNDLE_IDENTIFIER = com.reynoldsJay.NoWaste;
				PRODUCT_NAME = "$(TARGET_NAME)";
			};
			name = Debug;
		};
		819CEDE31BD231F700B0EF87 /* Release */ = {
			isa = XCBuildConfiguration;
			buildSettings = {
				ASSETCATALOG_COMPILER_APPICON_NAME = AppIcon;
				INFOPLIST_FILE = NoWaste/Info.plist;
				LD_RUNPATH_SEARCH_PATHS = "$(inherited) @executable_path/Frameworks";
				PRODUCT_BUNDLE_IDENTIFIER = com.reynoldsJay.NoWaste;
				PRODUCT_NAME = "$(TARGET_NAME)";
			};
			name = Release;
		};
/* End XCBuildConfiguration section */

/* Begin XCConfigurationList section */
		819CEDC51BD231F700B0EF87 /* Build configuration list for PBXProject "NoWaste" */ = {
			isa = XCConfigurationList;
			buildConfigurations = (
				819CEDDF1BD231F700B0EF87 /* Debug */,
				819CEDE01BD231F700B0EF87 /* Release */,
			);
			defaultConfigurationIsVisible = 0;
			defaultConfigurationName = Release;
		};
		819CEDE11BD231F700B0EF87 /* Build configuration list for PBXNativeTarget "NoWaste" */ = {
			isa = XCConfigurationList;
			buildConfigurations = (
				819CEDE21BD231F700B0EF87 /* Debug */,
				819CEDE31BD231F700B0EF87 /* Release */,
			);
			defaultConfigurationIsVisible = 0;
		};
/* End XCConfigurationList section */
	};
	rootObject = 819CEDC21BD231F700B0EF87 /* Project object */;
}
